
Microsoft Visual Studio Solution File, Format Version 12.00
# Visual Studio Version 17
VisualStudioVersion = 17.9.34607.119
MinimumVisualStudioVersion = 10.0.40219.1
Project("{FAE04EC0-301F-11D3-BF4B-00C04F79EFBC}") = "TimeLoggingBlazorApp", "AzureProjects\TimeLoggingBlazorApp\TimeLoggingBlazorApp.csproj", "{9083C946-9263-4AF3-8916-0C131C23292C}"
EndProject
Global
	GlobalSection(SolutionConfigurationPlatforms) = preSolution
		Debug|Any CPU = Debug|Any CPU
		Release|Any CPU = Release|Any CPU
	EndGlobalSection
	GlobalSection(ProjectConfigurationPlatforms) = postSolution
		{9083C946-9263-4AF3-8916-0C131C23292C}.Debug|Any CPU.ActiveCfg = Debug|Any CPU
		{9083C946-9263-4AF3-8916-0C131C23292C}.Debug|Any CPU.Build.0 = Debug|Any CPU
		{9083C946-9263-4AF3-8916-0C131C23292C}.Release|Any CPU.ActiveCfg = Release|Any CPU
		{9083C946-9263-4AF3-8916-0C131C23292C}.Release|Any CPU.Build.0 = Release|Any CPU
	EndGlobalSection
	GlobalSection(SolutionProperties) = preSolution
		HideSolutionNode = FALSE
	EndGlobalSection
	GlobalSection(ExtensibilityGlobals) = postSolution
		SolutionGuid = {C3DC05BD-BDB4-464C-8CC4-A2CC795D9ED0}
	EndGlobalSection
EndGlobal
