
Microsoft Visual Studio Solution File, Format Version 12.00
# Visual Studio Version 17
VisualStudioVersion = 17.8.34511.84
MinimumVisualStudioVersion = 10.0.40219.1
Project("{FAE04EC0-301F-11D3-BF4B-00C04F79EFBC}") = "TheWpfApp", "DesktopProjects\TheWpfApp\TheWpfApp.csproj", "{45ADFD0A-B508-476F-BB25-987BC410B094}"
EndProject
Global
	GlobalSection(SolutionConfigurationPlatforms) = preSolution
		Debug|Any CPU = Debug|Any CPU
		Release|Any CPU = Release|Any CPU
	EndGlobalSection
	GlobalSection(ProjectConfigurationPlatforms) = postSolution
		{45ADFD0A-B508-476F-BB25-987BC410B094}.Debug|Any CPU.ActiveCfg = Debug|Any CPU
		{45ADFD0A-B508-476F-BB25-987BC410B094}.Debug|Any CPU.Build.0 = Debug|Any CPU
		{45ADFD0A-B508-476F-BB25-987BC410B094}.Release|Any CPU.ActiveCfg = Release|Any CPU
		{45ADFD0A-B508-476F-BB25-987BC410B094}.Release|Any CPU.Build.0 = Release|Any CPU
	EndGlobalSection
	GlobalSection(SolutionProperties) = preSolution
		HideSolutionNode = FALSE
	EndGlobalSection
	GlobalSection(ExtensibilityGlobals) = postSolution
		SolutionGuid = {60EAC55D-BC6B-4D61-AABF-497C778D0192}
	EndGlobalSection
EndGlobal
